
Microsoft Visual Studio Solution File, Format Version 12.00
# Visual Studio Version 16
VisualStudioVersion = 16.0.31205.134
MinimumVisualStudioVersion = 10.0.40219.1
Project("{FAE04EC0-301F-11D3-BF4B-00C04F79EFBC}") = "EFDataAccessLibrary", "EFDataAccessLibrary\EFDataAccessLibrary.csproj", "{9E6DFC6B-EBAB-48AA-A4E4-C2C9490EFDE0}"
EndProject
Project("{FAE04EC0-301F-11D3-BF4B-00C04F79EFBC}") = "SurveyWebApp", "SurveyWebApp\SurveyWebApp.csproj", "{47948CF2-F910-44DB-888D-EA3ADE2AD7F1}"
EndProject
Global
	GlobalSection(SolutionConfigurationPlatforms) = preSolution
		Debug|Any CPU = Debug|Any CPU
		Release|Any CPU = Release|Any CPU
	EndGlobalSection
	GlobalSection(ProjectConfigurationPlatforms) = postSolution
		{9E6DFC6B-EBAB-48AA-A4E4-C2C9490EFDE0}.Debug|Any CPU.ActiveCfg = Debug|Any CPU
		{9E6DFC6B-EBAB-48AA-A4E4-C2C9490EFDE0}.Debug|Any CPU.Build.0 = Debug|Any CPU
		{9E6DFC6B-EBAB-48AA-A4E4-C2C9490EFDE0}.Release|Any CPU.ActiveCfg = Release|Any CPU
		{9E6DFC6B-EBAB-48AA-A4E4-C2C9490EFDE0}.Release|Any CPU.Build.0 = Release|Any CPU
		{47948CF2-F910-44DB-888D-EA3ADE2AD7F1}.Debug|Any CPU.ActiveCfg = Debug|Any CPU
		{47948CF2-F910-44DB-888D-EA3ADE2AD7F1}.Debug|Any CPU.Build.0 = Debug|Any CPU
		{47948CF2-F910-44DB-888D-EA3ADE2AD7F1}.Release|Any CPU.ActiveCfg = Release|Any CPU
		{47948CF2-F910-44DB-888D-EA3ADE2AD7F1}.Release|Any CPU.Build.0 = Release|Any CPU
	EndGlobalSection
	GlobalSection(SolutionProperties) = preSolution
		HideSolutionNode = FALSE
	EndGlobalSection
	GlobalSection(ExtensibilityGlobals) = postSolution
		SolutionGuid = {959E03A1-0283-41E0-B8B6-F73385FAD6A4}
	EndGlobalSection
EndGlobal
